// !$*UTF8*$!
{
	archiveVersion = 1;
	classes = {
	};
	objectVersion = 46;
	objects = {

/* Begin PBXBuildFile section */
		006B5B861E3EB2A400358DF2 /* main.m in Sources */ = {isa = PBXBuildFile; fileRef = 006B5B851E3EB2A400358DF2 /* main.m */; };
		006B5B891E3EB2A400358DF2 /* AppDelegate.m in Sources */ = {isa = PBXBuildFile; fileRef = 006B5B881E3EB2A400358DF2 /* AppDelegate.m */; };
		006B5B8C1E3EB2A400358DF2 /* ViewController.m in Sources */ = {isa = PBXBuildFile; fileRef = 006B5B8B1E3EB2A400358DF2 /* ViewController.m */; };
		006B5B8F1E3EB2A400358DF2 /* Main.storyboard in Resources */ = {isa = PBXBuildFile; fileRef = 006B5B8D1E3EB2A400358DF2 /* Main.storyboard */; };
		006B5B911E3EB2A400358DF2 /* Assets.xcassets in Resources */ = {isa = PBXBuildFile; fileRef = 006B5B901E3EB2A400358DF2 /* Assets.xcassets */; };
		006B5B941E3EB2A400358DF2 /* LaunchScreen.storyboard in Resources */ = {isa = PBXBuildFile; fileRef = 006B5B921E3EB2A400358DF2 /* LaunchScreen.storyboard */; };
		006B5BA01E3ED36900358DF2 /* SecondViewController.m in Sources */ = {isa = PBXBuildFile; fileRef = 006B5B9F1E3ED36900358DF2 /* SecondViewController.m */; };
/* End PBXBuildFile section */

/* Begin PBXFileReference section */
		006B5B811E3EB2A400358DF2 /* FirstLogin.app */ = {isa = PBXFileReference; explicitFileType = wrapper.application; includeInIndex = 0; path = FirstLogin.app; sourceTree = BUILT_PRODUCTS_DIR; };
		006B5B851E3EB2A400358DF2 /* main.m */ = {isa = PBXFileReference; lastKnownFileType = sourcecode.c.objc; path = main.m; sourceTree = "<group>"; };
		006B5B871E3EB2A400358DF2 /* AppDelegate.h */ = {isa = PBXFileReference; lastKnownFileType = sourcecode.c.h; path = AppDelegate.h; sourceTree = "<group>"; };
		006B5B881E3EB2A400358DF2 /* AppDelegate.m */ = {isa = PBXFileReference; lastKnownFileType = sourcecode.c.objc; path = AppDelegate.m; sourceTree = "<group>"; };
		006B5B8A1E3EB2A400358DF2 /* ViewController.h */ = {isa = PBXFileReference; lastKnownFileType = sourcecode.c.h; path = ViewController.h; sourceTree = "<group>"; };
		006B5B8B1E3EB2A400358DF2 /* ViewController.m */ = {isa = PBXFileReference; lastKnownFileType = sourcecode.c.objc; path = ViewController.m; sourceTree = "<group>"; };
		006B5B8E1E3EB2A400358DF2 /* Base */ = {isa = PBXFileReference; lastKnownFileType = file.storyboard; name = Base; path = Base.lproj/Main.storyboard; sourceTree = "<group>"; };
		006B5B901E3EB2A400358DF2 /* Assets.xcassets */ = {isa = PBXFileReference; lastKnownFileType = folder.assetcatalog; path = Assets.xcassets; sourceTree = "<group>"; };
		006B5B931E3EB2A400358DF2 /* Base */ = {isa = PBXFileReference; lastKnownFileType = file.storyboard; name = Base; path = Base.lproj/LaunchScreen.storyboard; sourceTree = "<group>"; };
		006B5B951E3EB2A400358DF2 /* Info.plist */ = {isa = PBXFileReference; lastKnownFileType = text.plist.xml; path = Info.plist; sourceTree = "<group>"; };
		006B5B9E1E3ED36900358DF2 /* SecondViewController.h */ = {isa = PBXFileReference; fileEncoding = 4; lastKnownFileType = sourcecode.c.h; path = SecondViewController.h; sourceTree = "<group>"; };
		006B5B9F1E3ED36900358DF2 /* SecondViewController.m */ = {isa = PBXFileReference; fileEncoding = 4; lastKnownFileType = sourcecode.c.objc; path = SecondViewController.m; sourceTree = "<group>"; };
/* End PBXFileReference section */

/* Begin PBXFrameworksBuildPhase section */
		006B5B7E1E3EB2A400358DF2 /* Frameworks */ = {
			isa = PBXFrameworksBuildPhase;
			buildActionMask = 2147483647;
			files = (
			);
			runOnlyForDeploymentPostprocessing = 0;
		};
/* End PBXFrameworksBuildPhase section */

/* Begin PBXGroup section */
		006B5B781E3EB2A400358DF2 = {
			isa = PBXGroup;
			children = (
				006B5B831E3EB2A400358DF2 /* FirstLogin */,
				006B5B821E3EB2A400358DF2 /* Products */,
			);
			sourceTree = "<group>";
		};
		006B5B821E3EB2A400358DF2 /* Products */ = {
			isa = PBXGroup;
			children = (
				006B5B811E3EB2A400358DF2 /* FirstLogin.app */,
			);
			name = Products;
			sourceTree = "<group>";
		};
		006B5B831E3EB2A400358DF2 /* FirstLogin */ = {
			isa = PBXGroup;
			children = (
				006B5B871E3EB2A400358DF2 /* AppDelegate.h */,
				006B5B881E3EB2A400358DF2 /* AppDelegate.m */,
				006B5B8A1E3EB2A400358DF2 /* ViewController.h */,
				006B5B8B1E3EB2A400358DF2 /* ViewController.m */,
				006B5B9E1E3ED36900358DF2 /* SecondViewController.h */,
				006B5B9F1E3ED36900358DF2 /* SecondViewController.m */,
				006B5B8D1E3EB2A400358DF2 /* Main.storyboard */,
				006B5B901E3EB2A400358DF2 /* Assets.xcassets */,
				006B5B921E3EB2A400358DF2 /* LaunchScreen.storyboard */,
				006B5B951E3EB2A400358DF2 /* Info.plist */,
				006B5B841E3EB2A400358DF2 /* Supporting Files */,
			);
			path = FirstLogin;
			sourceTree = "<group>";
		};
		006B5B841E3EB2A400358DF2 /* Supporting Files */ = {
			isa = PBXGroup;
			children = (
				006B5B851E3EB2A400358DF2 /* main.m */,
			);
			name = "Supporting Files";
			sourceTree = "<group>";
		};
/* End PBXGroup section */

/* Begin PBXNativeTarget section */
		006B5B801E3EB2A400358DF2 /* FirstLogin */ = {
			isa = PBXNativeTarget;
			buildConfigurationList = 006B5B981E3EB2A400358DF2 /* Build configuration list for PBXNativeTarget "FirstLogin" */;
			buildPhases = (
				006B5B7D1E3EB2A400358DF2 /* Sources */,
				006B5B7E1E3EB2A400358DF2 /* Frameworks */,
				006B5B7F1E3EB2A400358DF2 /* Resources */,
			);
			buildRules = (
			);
			dependencies = (
			);
			name = FirstLogin;
			productName = FirstLogin;
			productReference = 006B5B811E3EB2A400358DF2 /* FirstLogin.app */;
			productType = "com.apple.product-type.application";
		};
/* End PBXNativeTarget section */

/* Begin PBXProject section */
		006B5B791E3EB2A400358DF2 /* Project object */ = {
			isa = PBXProject;
			attributes = {
				LastUpgradeCheck = 0810;
				ORGANIZATIONNAME = "Elihu Alejandro Cruz Albores";
				TargetAttributes = {
					006B5B801E3EB2A400358DF2 = {
						CreatedOnToolsVersion = 8.1;
						ProvisioningStyle = Automatic;
					};
				};
			};
			buildConfigurationList = 006B5B7C1E3EB2A400358DF2 /* Build configuration list for PBXProject "FirstLogin" */;
			compatibilityVersion = "Xcode 3.2";
			developmentRegion = English;
			hasScannedForEncodings = 0;
			knownRegions = (
				en,
				Base,
			);
			mainGroup = 006B5B781E3EB2A400358DF2;
			productRefGroup = 006B5B821E3EB2A400358DF2 /* Products */;
			projectDirPath = "";
			projectRoot = "";
			targets = (
				006B5B801E3EB2A400358DF2 /* FirstLogin */,
			);
		};
/* End PBXProject section */

/* Begin PBXResourcesBuildPhase section */
		006B5B7F1E3EB2A400358DF2 /* Resources */ = {
			isa = PBXResourcesBuildPhase;
			buildActionMask = 2147483647;
			files = (
				006B5B941E3EB2A400358DF2 /* LaunchScreen.storyboard in Resources */,
				006B5B911E3EB2A400358DF2 /* Assets.xcassets in Resources */,
				006B5B8F1E3EB2A400358DF2 /* Main.storyboard in Resources */,
			);
			runOnlyForDeploymentPostprocessing = 0;
		};
/* End PBXResourcesBuildPhase section */

/* Begin PBXSourcesBuildPhase section */
		006B5B7D1E3EB2A400358DF2 /* Sources */ = {
			isa = PBXSourcesBuildPhase;
			buildActionMask = 2147483647;
			files = (
				006B5BA01E3ED36900358DF2 /* SecondViewController.m in Sources */,
				006B5B8C1E3EB2A400358DF2 /* ViewController.m in Sources */,
				006B5B891E3EB2A400358DF2 /* AppDelegate.m in Sources */,
				006B5B861E3EB2A400358DF2 /* main.m in Sources */,
			);
			runOnlyForDeploymentPostprocessing = 0;
		};
/* End PBXSourcesBuildPhase section */

/* Begin PBXVariantGroup section */
		006B5B8D1E3EB2A400358DF2 /* Main.storyboard */ = {
			isa = PBXVariantGroup;
			children = (
				006B5B8E1E3EB2A400358DF2 /* Base */,
			);
			name = Main.storyboard;
			sourceTree = "<group>";
		};
		006B5B921E3EB2A400358DF2 /* LaunchScreen.storyboard */ = {
			isa = PBXVariantGroup;
			children = (
				006B5B931E3EB2A400358DF2 /* Base */,
			);
			name = LaunchScreen.storyboard;
			sourceTree = "<group>";
		};
/* End PBXVariantGroup section */

/* Begin XCBuildConfiguration section */
		006B5B961E3EB2A400358DF2 /* Debug */ = {
			isa = XCBuildConfiguration;
			buildSettings = {
				ALWAYS_SEARCH_USER_PATHS = NO;
				CLANG_ANALYZER_NONNULL = YES;
				CLANG_CXX_LANGUAGE_STANDARD = "gnu++0x";
				CLANG_CXX_LIBRARY = "libc++";
				CLANG_ENABLE_MODULES = YES;
				CLANG_ENABLE_OBJC_ARC = YES;
				CLANG_WARN_BOOL_CONVERSION = YES;
				CLANG_WARN_CONSTANT_CONVERSION = YES;
				CLANG_WARN_DIRECT_OBJC_ISA_USAGE = YES_ERROR;
				CLANG_WARN_DOCUMENTATION_COMMENTS = YES;
				CLANG_WARN_EMPTY_BODY = YES;
				CLANG_WARN_ENUM_CONVERSION = YES;
				CLANG_WARN_INFINITE_RECURSION = YES;
				CLANG_WARN_INT_CONVERSION = YES;
				CLANG_WARN_OBJC_ROOT_CLASS = YES_ERROR;
				CLANG_WARN_SUSPICIOUS_MOVES = YES;
				CLANG_WARN_UNREACHABLE_CODE = YES;
				CLANG_WARN__DUPLICATE_METHOD_MATCH = YES;
				"CODE_SIGN_IDENTITY[sdk=iphoneos*]" = "iPhone Developer";
				COPY_PHASE_STRIP = NO;
				DEBUG_INFORMATION_FORMAT = dwarf;
				ENABLE_STRICT_OBJC_MSGSEND = YES;
				ENABLE_TESTABILITY = YES;
				GCC_C_LANGUAGE_STANDARD = gnu99;
				GCC_DYNAMIC_NO_PIC = NO;
				GCC_NO_COMMON_BLOCKS = YES;
				GCC_OPTIMIZATION_LEVEL = 0;
				GCC_PREPROCESSOR_DEFINITIONS = (
					"DEBUG=1",
					"$(inherited)",
				);
				GCC_WARN_64_TO_32_BIT_CONVERSION = YES;
				GCC_WARN_ABOUT_RETURN_TYPE = YES_ERROR;
				GCC_WARN_UNDECLARED_SELECTOR = YES;
				GCC_WARN_UNINITIALIZED_AUTOS = YES_AGGRESSIVE;
				GCC_WARN_UNUSED_FUNCTION = YES;
				GCC_WARN_UNUSED_VARIABLE = YES;
				IPHONEOS_DEPLOYMENT_TARGET = 10.1;
				MTL_ENABLE_DEBUG_INFO = YES;
				ONLY_ACTIVE_ARCH = YES;
				SDKROOT = iphoneos;
			};
			name = Debug;
		};
		006B5B971E3EB2A400358DF2 /* Release */ = {
			isa = XCBuildConfiguration;
			buildSettings = {
				ALWAYS_SEARCH_USER_PATHS = NO;
				CLANG_ANALYZER_NONNULL = YES;
				CLANG_CXX_LANGUAGE_STANDARD = "gnu++0x";
				CLANG_CXX_LIBRARY = "libc++";
				CLANG_ENABLE_MODULES = YES;
				CLANG_ENABLE_OBJC_ARC = YES;
				CLANG_WARN_BOOL_CONVERSION = YES;
				CLANG_WARN_CONSTANT_CONVERSION = YES;
				CLANG_WARN_DIRECT_OBJC_ISA_USAGE = YES_ERROR;
				CLANG_WARN_DOCUMENTATION_COMMENTS = YES;
				CLANG_WARN_EMPTY_BODY = YES;
				CLANG_WARN_ENUM_CONVERSION = YES;
				CLANG_WARN_INFINITE_RECURSION = YES;
				CLANG_WARN_INT_CONVERSION = YES;
				CLANG_WARN_OBJC_ROOT_CLASS = YES_ERROR;
				CLANG_WARN_SUSPICIOUS_MOVES = YES;
				CLANG_WARN_UNREACHABLE_CODE = YES;
				CLANG_WARN__DUPLICATE_METHOD_MATCH = YES;
				"CODE_SIGN_IDENTITY[sdk=iphoneos*]" = "iPhone Developer";
				COPY_PHASE_STRIP = NO;
				DEBUG_INFORMATION_FORMAT = "dwarf-with-dsym";
				ENABLE_NS_ASSERTIONS = NO;
				ENABLE_STRICT_OBJC_MSGSEND = YES;
				GCC_C_LANGUAGE_STANDARD = gnu99;
				GCC_NO_COMMON_BLOCKS = YES;
				GCC_WARN_64_TO_32_BIT_CONVERSION = YES;
				GCC_WARN_ABOUT_RETURN_TYPE = YES_ERROR;
				GCC_WARN_UNDECLARED_SELECTOR = YES;
				GCC_WARN_UNINITIALIZED_AUTOS = YES_AGGRESSIVE;
				GCC_WARN_UNUSED_FUNCTION = YES;
				GCC_WARN_UNUSED_VARIABLE = YES;
				IPHONEOS_DEPLOYMENT_TARGET = 10.1;
				MTL_ENABLE_DEBUG_INFO = NO;
				SDKROOT = iphoneos;
				VALIDATE_PRODUCT = YES;
			};
			name = Release;
		};
		006B5B991E3EB2A400358DF2 /* Debug */ = {
			isa = XCBuildConfiguration;
			buildSettings = {
				ASSETCATALOG_COMPILER_APPICON_NAME = AppIcon;
				INFOPLIST_FILE = FirstLogin/Info.plist;
				LD_RUNPATH_SEARCH_PATHS = "$(inherited) @executable_path/Frameworks";
				PRODUCT_BUNDLE_IDENTIFIER = Personal.FirstLogin;
				PRODUCT_NAME = "$(TARGET_NAME)";
			};
			name = Debug;
		};
		006B5B9A1E3EB2A400358DF2 /* Release */ = {
			isa = XCBuildConfiguration;
			buildSettings = {
				ASSETCATALOG_COMPILER_APPICON_NAME = AppIcon;
				INFOPLIST_FILE = FirstLogin/Info.plist;
				LD_RUNPATH_SEARCH_PATHS = "$(inherited) @executable_path/Frameworks";
				PRODUCT_BUNDLE_IDENTIFIER = Personal.FirstLogin;
				PRODUCT_NAME = "$(TARGET_NAME)";
			};
			name = Release;
		};
/* End XCBuildConfiguration section */

/* Begin XCConfigurationList section */
		006B5B7C1E3EB2A400358DF2 /* Build configuration list for PBXProject "FirstLogin" */ = {
			isa = XCConfigurationList;
			buildConfigurations = (
				006B5B961E3EB2A400358DF2 /* Debug */,
				006B5B971E3EB2A400358DF2 /* Release */,
			);
			defaultConfigurationIsVisible = 0;
			defaultConfigurationName = Release;
		};
		006B5B981E3EB2A400358DF2 /* Build configuration list for PBXNativeTarget "FirstLogin" */ = {
			isa = XCConfigurationList;
			buildConfigurations = (
				006B5B991E3EB2A400358DF2 /* Debug */,
				006B5B9A1E3EB2A400358DF2 /* Release */,
			);
			defaultConfigurationIsVisible = 0;
		};
/* End XCConfigurationList section */
	};
	rootObject = 006B5B791E3EB2A400358DF2 /* Project object */;
}
